<?xml version="1.0" encoding="utf-8"?>
<Project ToolsVersion="4.0" xmlns="http://schemas.microsoft.com/developer/msbuild/2003">
  <ItemGroup>
    <Filter Include="Source Files">
      <UniqueIdentifier>{4FC737F1-C7A5-4376-A066-2A32D752A2FF}</UniqueIdentifier>
      <Extensions>cpp;c;cc;cxx;c++;cppm;ixx;def;odl;idl;hpj;bat;asm;asmx</Extensions>
    </Filter>
    <Filter Include="Header Files">
      <UniqueIdentifier>{93995380-89BD-4b04-88EB-625FBE52EBFB}</UniqueIdentifier>
      <Extensions>h;hh;hpp;hxx;h++;hm;inl;inc;ipp;xsd</Extensions>
    </Filter>
    <Filter Include="Resource Files">
      <UniqueIdentifier>{67DA6AB6-F800-4c08-8B7A-83BB121AAD01}</UniqueIdentifier>
      <Extensions>rc;ico;cur;bmp;dlg;rc2;rct;bin;rgs;gif;jpg;jpeg;jpe;resx;tiff;tif;png;wav;mfcribbon-ms</Extensions>
    </Filter>
    <Filter Include="Cuda">
      <UniqueIdentifier>{0C6E5F35-4F99-4560-8F9A-4B5A695C8A44}</UniqueIdentifier>
      <Extensions>cu</Extensions>
    </Filter>
  </ItemGroup>
  <ItemGroup>
    <ClCompile Include="src\Cuda\JuicerCudaResources.cpp">
      <Filter>Cuda</Filter>
    </ClCompile>
    <ClCompile Include="src\Cuda\ResourceManager\JuicerCudaManagerRegistry.cpp">
      <Filter>Cuda</Filter>
    </ClCompile>
    <ClCompile Include="src\Cuda\ResourceManager\JuicerCudaResourceManager.cpp">
      <Filter>Cuda</Filter>
    </ClCompile>
    <ClCompile Include="src\ScannerOptics.cpp">
      <Filter>Source Files</Filter>
    </ClCompile>
    <ClCompile Include="src\Scanner.cpp">
      <Filter>Source Files</Filter>
    </ClCompile>
    <ClCompile Include="src\ProfileJSONLoader.cpp">
      <Filter>Source Files</Filter>
    </ClCompile>
    <ClCompile Include="src\Print.cpp">
      <Filter>Source Files</Filter>
    </ClCompile>
    <ClCompile Include="src\ProfileCatalog.cpp">
      <Filter>Source Files</Filter>
    </ClCompile>
    <ClCompile Include="src\NeutralFilters.cpp">
      <Filter>Source Files</Filter>
    </ClCompile>
    <ClCompile Include="src\mainProcessing.cpp">
      <Filter>Source Files</Filter>
    </ClCompile>
    <ClCompile Include="src\main.cpp">
      <Filter>Source Files</Filter>
    </ClCompile>
    <ClCompile Include="src\JuicerState.cpp">
      <Filter>Source Files</Filter>
    </ClCompile>
    <ClCompile Include="src\JuicerEffect.cpp">
      <Filter>Source Files</Filter>
    </ClCompile>
    <ClCompile Include="src\PipelineStages.cpp">
      <Filter>Source Files</Filter>
    </ClCompile>
    <ClCompile Include="src\ProcessRoot.cpp">
      <Filter>Source Files</Filter>
    </ClCompile>
    <ClCompile Include="src\RenderRecipe.cpp">
      <Filter>Source Files</Filter>
    </ClCompile>
    <ClCompile Include="src\ResourceAssetLibrary.cpp">
      <Filter>Source Files</Filter>
    </ClCompile>
    <ClCompile Include="..\OFXS\Support\Library\ofxsCore.cpp">
      <Filter>Source Files</Filter>
    </ClCompile>
    <ClCompile Include="..\OFXS\Support\Library\ofxsImageEffect.cpp">
      <Filter>Source Files</Filter>
    </ClCompile>
    <ClCompile Include="..\OFXS\Support\Library\ofxsInteract.cpp">
      <Filter>Source Files</Filter>
    </ClCompile>
    <ClCompile Include="..\OFXS\Support\Library\ofxsLog.cpp">
      <Filter>Source Files</Filter>
    </ClCompile>
    <ClCompile Include="..\OFXS\Support\Library\ofxsMultiThread.cpp">
      <Filter>Source Files</Filter>
    </ClCompile>
    <ClCompile Include="..\OFXS\Support\Library\ofxsParams.cpp">
      <Filter>Source Files</Filter>
    </ClCompile>
    <ClCompile Include="..\OFXS\Support\Library\ofxsProperty.cpp">
      <Filter>Source Files</Filter>
    </ClCompile>
    <ClCompile Include="..\OFXS\Support\Library\ofxsPropertyValidation.cpp">
      <Filter>Source Files</Filter>
    </ClCompile>
  </ItemGroup>
  <ItemGroup>
    <None Include="src\Cuda\ResourceManager\JuicerCudaResourceManagerAdmission.inc">
      <Filter>Cuda</Filter>
    </None>
    <None Include="src\Cuda\ResourceManager\JuicerCudaResourceManagerCommands.inc">
      <Filter>Cuda</Filter>
    </None>
    <None Include="src\Cuda\ResourceManager\JuicerCudaResourceManagerSubmission.inc">
      <Filter>Cuda</Filter>
    </None>
    <None Include="src\Cuda\JuicerCudaResourcesServing.inc">
      <Filter>Cuda</Filter>
    </None>
  </ItemGroup>
  <ItemGroup>
    <ClInclude Include="src\Cuda\JuicerCudaPayloads.h">
      <Filter>Cuda</Filter>
    </ClInclude>
    <ClInclude Include="src\Cuda\JuicerCudaDeviceHelpers.cuh">
      <Filter>Cuda</Filter>
    </ClInclude>
    <ClInclude Include="src\Cuda\JuicerCudaResources.h">
      <Filter>Cuda</Filter>
    </ClInclude>
    <ClInclude Include="src\Cuda\ResourceManager\JuicerCudaResourceManager.h">
      <Filter>Cuda</Filter>
    </ClInclude>
    <ClInclude Include="src\Cuda\ResourceManager\JuicerCudaResourceCore.h">
      <Filter>Cuda</Filter>
    </ClInclude>
    <ClInclude Include="src\AkimaInterpolator.h">
      <Filter>Header Files</Filter>
    </ClInclude>
    <ClInclude Include="src\ColorTransforms.h">
      <Filter>Header Files</Filter>
    </ClInclude>
    <ClInclude Include="src\Couplers.h">
      <Filter>Header Files</Filter>
    </ClInclude>
    <ClInclude Include="src\FilmProcessing.h">
      <Filter>Header Files</Filter>
    </ClInclude>
    <ClInclude Include="src\GaussianSciPy.h">
      <Filter>Header Files</Filter>
    </ClInclude>
    <ClInclude Include="src\Hash.h">
      <Filter>Header Files</Filter>
    </ClInclude>
    <ClInclude Include="src\Illuminants.h">
      <Filter>Header Files</Filter>
    </ClInclude>
    <ClInclude Include="src\JuicerEffect.h">
      <Filter>Header Files</Filter>
    </ClInclude>
    <ClInclude Include="src\JuicerState.h">
      <Filter>Header Files</Filter>
    </ClInclude>
    <ClInclude Include="src\Logging.h">
      <Filter>Header Files</Filter>
    </ClInclude>
    <ClInclude Include="src\mainProcessing.h">
      <Filter>Header Files</Filter>
    </ClInclude>
    <ClInclude Include="src\NpyLoader.h">
      <Filter>Header Files</Filter>
    </ClInclude>
    <ClInclude Include="src\OutputColor.h">
      <Filter>Header Files</Filter>
    </ClInclude>
    <ClInclude Include="src\ParamNames.h">
      <Filter>Header Files</Filter>
    </ClInclude>
    <ClInclude Include="src\PipelineTypes.h">
      <Filter>Header Files</Filter>
    </ClInclude>
    <ClInclude Include="src\Print.h">
      <Filter>Header Files</Filter>
    </ClInclude>
    <ClInclude Include="src\ProfileCatalog.h">
      <Filter>Header Files</Filter>
    </ClInclude>
    <ClInclude Include="src\ProfileJSONLoader.h">
      <Filter>Header Files</Filter>
    </ClInclude>
    <ClInclude Include="src\ProcessRoot.h">
      <Filter>Header Files</Filter>
    </ClInclude>
    <ClInclude Include="src\RenderFrameRequest.h">
      <Filter>Header Files</Filter>
    </ClInclude>
    <ClInclude Include="src\RenderRecipe.h">
      <Filter>Header Files</Filter>
    </ClInclude>
    <ClInclude Include="src\ResourceAssetLibrary.h">
      <Filter>Header Files</Filter>
    </ClInclude>
    <ClInclude Include="src\ScanRoute.h">
      <Filter>Header Files</Filter>
    </ClInclude>
    <ClInclude Include="src\Scanner.h">
      <Filter>Header Files</Filter>
    </ClInclude>
    <ClInclude Include="src\SpectralData.h">
      <Filter>Header Files</Filter>
    </ClInclude>
    <ClInclude Include="src\SpectralProcessing.h">
      <Filter>Header Files</Filter>
    </ClInclude>
  </ItemGroup>
  <ItemGroup>
    <CudaCompile Include="src\Cuda\JuicerCudaAutoExposure.cu">
      <Filter>Cuda</Filter>
    </CudaCompile>
    <CudaCompile Include="src\Cuda\JuicerCudaValidation.cu">
      <Filter>Cuda</Filter>
    </CudaCompile>
    <CudaCompile Include="src\Cuda\Film\JuicerCudaFilmPipeline.cu">
      <Filter>Cuda</Filter>
    </CudaCompile>
    <CudaCompile Include="src\Cuda\Scan\JuicerCudaScanPipeline.cu">
      <Filter>Cuda</Filter>
    </CudaCompile>
  </ItemGroup>
</Project>
